
Microsoft Visual Studio Solution File, Format Version 12.00
# Visual Studio Version 17
VisualStudioVersion = 17.5.002.0
MinimumVisualStudioVersion = 10.0.40219.1
Project("{9A19103F-16F7-4668-BE54-9A1E7A4F7556}") = "Add 2 Numbers", "Add 2 Numbers.csproj", "{BEDF0358-B350-4FF9-8277-91D484ABC07A}"
EndProject
Global
	GlobalSection(SolutionConfigurationPlatforms) = preSolution
		Debug|Any CPU = Debug|Any CPU
		Release|Any CPU = Release|Any CPU
	EndGlobalSection
	GlobalSection(ProjectConfigurationPlatforms) = postSolution
		{BEDF0358-B350-4FF9-8277-91D484ABC07A}.Debug|Any CPU.ActiveCfg = Debug|Any CPU
		{BEDF0358-B350-4FF9-8277-91D484ABC07A}.Debug|Any CPU.Build.0 = Debug|Any CPU
		{BEDF0358-B350-4FF9-8277-91D484ABC07A}.Release|Any CPU.ActiveCfg = Release|Any CPU
		{BEDF0358-B350-4FF9-8277-91D484ABC07A}.Release|Any CPU.Build.0 = Release|Any CPU
	EndGlobalSection
	GlobalSection(SolutionProperties) = preSolution
		HideSolutionNode = FALSE
	EndGlobalSection
	GlobalSection(ExtensibilityGlobals) = postSolution
		SolutionGuid = {022F3281-39F4-4198-8D0C-6AAB09B4D94D}
	EndGlobalSection
EndGlobal
